PODS:
  - Alamofire (5.5.0)
  - FLEX (2.4.0)
  - SDWebImage (5.12.3):
    - SDWebImage/Core (= 5.12.3)
  - SDWebImage/Core (5.12.3)
  - SwiftyJSON (4.0.0)

DEPENDENCIES:
  - Alamofire (~> 5.5)
  - FLEX
  - SDWebImage (~> 5.0)
  - SwiftyJSON

SPEC REPOS:
  trunk:
    - Alamofire
    - FLEX
    - SDWebImage
    - SwiftyJSON

SPEC CHECKSUMS:
  Alamofire: 1c4fb5369c3fe93d2857c780d8bbe09f06f97e7c
  FLEX: bd1a39e55b56bb413b6f1b34b3c10a0dc44ef079
  SDWebImage: 53179a2dba77246efa8a9b85f5c5b21f8f43e38f
  SwiftyJSON: 070dabdcb1beb81b247c65ffa3a79dbbfb3b48aa

PODFILE CHECKSUM: d1601a2c7fc5b9864dbb92548561c0e262e76320

COCOAPODS: 1.11.2
